PODS:
  - ctble (0.1.0):
    - RxSwift (~> 4.0)
  - Nimble (7.0.3)
  - Quick (1.2.0)
  - RxAtomic (4.4.0)
  - RxSwift (4.4.0):
    - RxAtomic (~> 4.4)

DEPENDENCIES:
  - ctble (from `../`)
  - Nimble (~> 7.0.2)
  - Quick (~> 1.2.0)
  - RxSwift

SPEC REPOS:
  https://github.com/cocoapods/specs.git:
    - Nimble
    - Quick
    - RxAtomic
    - RxSwift

EXTERNAL SOURCES:
  ctble:
    :path: "../"

SPEC CHECKSUMS:
  ctble: 127e80bbd310589b5f833e010ea21cdc2f5b7bd5
  Nimble: 7f5a9c447a33002645a071bddafbfb24ea70e0ac
  Quick: 58d203b1c5e27fff7229c4c1ae445ad7069a7a08
  RxAtomic: eacf60db868c96bfd63320e28619fe29c179656f
  RxSwift: 5976ecd04fc2fefd648827c23de5e11157faa973

PODFILE CHECKSUM: 9720d46d8ba08fe94e0a0e589bf8b110571cb340

COCOAPODS: 1.5.3
