PODS:
  - ctble (0.1.0)
  - Nimble (7.0.3)
  - Quick (1.2.0)

DEPENDENCIES:
  - ctble (from `../`)
  - Nimble (~> 7.0.2)
  - Quick (~> 1.2.0)

SPEC REPOS:
  https://github.com/cocoapods/specs.git:
    - Nimble
    - Quick

EXTERNAL SOURCES:
  ctble:
    :path: "../"

SPEC CHECKSUMS:
  ctble: efa4e793dd7b67b39fa9775c8354e5969c1b6133
  Nimble: 7f5a9c447a33002645a071bddafbfb24ea70e0ac
  Quick: 58d203b1c5e27fff7229c4c1ae445ad7069a7a08

PODFILE CHECKSUM: 9e51088ffdf89a7c36ddf39dcf2683ee8f92e2b0

COCOAPODS: 1.5.3
