PODS:
  - ctble (0.1.0):
    - RxSwift (~> 4.0)
  - Nimble (7.0.3)
  - Quick (1.2.0)
  - RxSwift (4.5.0)

DEPENDENCIES:
  - ctble (from `../`)
  - Nimble (~> 7.0.2)
  - Quick (~> 1.2.0)

SPEC REPOS:
  https://github.com/cocoapods/specs.git:
    - Nimble
    - Quick
    - RxSwift

EXTERNAL SOURCES:
  ctble:
    :path: "../"

SPEC CHECKSUMS:
  ctble: 96bfa33aafb698656f2c21de320ae86fdcca9495
  Nimble: 7f5a9c447a33002645a071bddafbfb24ea70e0ac
  Quick: 58d203b1c5e27fff7229c4c1ae445ad7069a7a08
  RxSwift: f172070dfd1a93d70a9ab97a5a01166206e1c575

PODFILE CHECKSUM: bae86c296797c145c5f9a6abaac02dc83851780a

COCOAPODS: 1.6.1
